
Microsoft Visual Studio Solution File, Format Version 12.00
# Visual Studio Version 17
VisualStudioVersion = 17.8.34316.72
MinimumVisualStudioVersion = 10.0.40219.1
Project("{9A19103F-16F7-4668-BE54-9A1E7A4F7556}") = "IShapeContract", "IShapeContract\IShapeContract.csproj", "{2AA79074-B612-449B-BD98-1D9EE1BD4803}"
EndProject
Project("{9A19103F-16F7-4668-BE54-9A1E7A4F7556}") = "EllipseLib", "EllipseLib\EllipseLib.csproj", "{FB326481-ED8E-44DA-B6CD-CA2BA5165051}"
EndProject
Project("{9A19103F-16F7-4668-BE54-9A1E7A4F7556}") = "LineLib", "LineLib\LineLib.csproj", "{AA526EBD-AE51-46C7-A407-B6E2B004028C}"
EndProject
Project("{9A19103F-16F7-4668-BE54-9A1E7A4F7556}") = "RectangleLib", "RentangleLib\RectangleLib.csproj", "{80637178-9CF2-4725-9CFA-73674374E873}"
EndProject
Project("{9A19103F-16F7-4668-BE54-9A1E7A4F7556}") = "TextLib", "TextLib\TextLib.csproj", "{1852CE01-9243-4AFE-9E04-8016D82CEF71}"
EndProject
Project("{9A19103F-16F7-4668-BE54-9A1E7A4F7556}") = "Paint", "Paint\Paint.csproj", "{214AE392-44F8-4DFF-8642-DB7011CA9C45}"
EndProject
Project("{9A19103F-16F7-4668-BE54-9A1E7A4F7556}") = "TriangleLib", "TriangleLib\TriangleLib.csproj", "{6FB7CCB9-8B16-40DC-B36F-DE23BD42968F}"
EndProject
Project("{9A19103F-16F7-4668-BE54-9A1E7A4F7556}") = "IKleFileContract", "IKleFile\IKleFileContract.csproj", "{A3E572D2-0847-4BE9-9C1D-66521949C2F1}"
EndProject
Project("{54435603-DBB4-11D2-8724-00A0C9A8B90C}") = "SetupProject", "SetupProject\SetupProject.vdproj", "{33D17E4D-EDFC-491B-8644-EFCC6D39D694}"
EndProject
Global
	GlobalSection(SolutionConfigurationPlatforms) = preSolution
		Debug|Any CPU = Debug|Any CPU
		Release|Any CPU = Release|Any CPU
	EndGlobalSection
	GlobalSection(ProjectConfigurationPlatforms) = postSolution
		{2AA79074-B612-449B-BD98-1D9EE1BD4803}.Debug|Any CPU.ActiveCfg = Debug|Any CPU
		{2AA79074-B612-449B-BD98-1D9EE1BD4803}.Debug|Any CPU.Build.0 = Debug|Any CPU
		{2AA79074-B612-449B-BD98-1D9EE1BD4803}.Release|Any CPU.ActiveCfg = Release|Any CPU
		{2AA79074-B612-449B-BD98-1D9EE1BD4803}.Release|Any CPU.Build.0 = Release|Any CPU
		{FB326481-ED8E-44DA-B6CD-CA2BA5165051}.Debug|Any CPU.ActiveCfg = Debug|Any CPU
		{FB326481-ED8E-44DA-B6CD-CA2BA5165051}.Debug|Any CPU.Build.0 = Debug|Any CPU
		{FB326481-ED8E-44DA-B6CD-CA2BA5165051}.Release|Any CPU.ActiveCfg = Release|Any CPU
		{FB326481-ED8E-44DA-B6CD-CA2BA5165051}.Release|Any CPU.Build.0 = Release|Any CPU
		{AA526EBD-AE51-46C7-A407-B6E2B004028C}.Debug|Any CPU.ActiveCfg = Debug|Any CPU
		{AA526EBD-AE51-46C7-A407-B6E2B004028C}.Debug|Any CPU.Build.0 = Debug|Any CPU
		{AA526EBD-AE51-46C7-A407-B6E2B004028C}.Release|Any CPU.ActiveCfg = Release|Any CPU
		{AA526EBD-AE51-46C7-A407-B6E2B004028C}.Release|Any CPU.Build.0 = Release|Any CPU
		{80637178-9CF2-4725-9CFA-73674374E873}.Debug|Any CPU.ActiveCfg = Debug|Any CPU
		{80637178-9CF2-4725-9CFA-73674374E873}.Debug|Any CPU.Build.0 = Debug|Any CPU
		{80637178-9CF2-4725-9CFA-73674374E873}.Release|Any CPU.ActiveCfg = Release|Any CPU
		{80637178-9CF2-4725-9CFA-73674374E873}.Release|Any CPU.Build.0 = Release|Any CPU
		{1852CE01-9243-4AFE-9E04-8016D82CEF71}.Debug|Any CPU.ActiveCfg = Debug|Any CPU
		{1852CE01-9243-4AFE-9E04-8016D82CEF71}.Debug|Any CPU.Build.0 = Debug|Any CPU
		{1852CE01-9243-4AFE-9E04-8016D82CEF71}.Release|Any CPU.ActiveCfg = Release|Any CPU
		{1852CE01-9243-4AFE-9E04-8016D82CEF71}.Release|Any CPU.Build.0 = Release|Any CPU
		{214AE392-44F8-4DFF-8642-DB7011CA9C45}.Debug|Any CPU.ActiveCfg = Debug|Any CPU
		{214AE392-44F8-4DFF-8642-DB7011CA9C45}.Debug|Any CPU.Build.0 = Debug|Any CPU
		{214AE392-44F8-4DFF-8642-DB7011CA9C45}.Release|Any CPU.ActiveCfg = Release|Any CPU
		{214AE392-44F8-4DFF-8642-DB7011CA9C45}.Release|Any CPU.Build.0 = Release|Any CPU
		{6FB7CCB9-8B16-40DC-B36F-DE23BD42968F}.Debug|Any CPU.ActiveCfg = Debug|Any CPU
		{6FB7CCB9-8B16-40DC-B36F-DE23BD42968F}.Debug|Any CPU.Build.0 = Debug|Any CPU
		{6FB7CCB9-8B16-40DC-B36F-DE23BD42968F}.Release|Any CPU.ActiveCfg = Release|Any CPU
		{6FB7CCB9-8B16-40DC-B36F-DE23BD42968F}.Release|Any CPU.Build.0 = Release|Any CPU
		{A3E572D2-0847-4BE9-9C1D-66521949C2F1}.Debug|Any CPU.ActiveCfg = Debug|Any CPU
		{A3E572D2-0847-4BE9-9C1D-66521949C2F1}.Debug|Any CPU.Build.0 = Debug|Any CPU
		{A3E572D2-0847-4BE9-9C1D-66521949C2F1}.Release|Any CPU.ActiveCfg = Release|Any CPU
		{A3E572D2-0847-4BE9-9C1D-66521949C2F1}.Release|Any CPU.Build.0 = Release|Any CPU
		{33D17E4D-EDFC-491B-8644-EFCC6D39D694}.Debug|Any CPU.ActiveCfg = Debug
		{33D17E4D-EDFC-491B-8644-EFCC6D39D694}.Release|Any CPU.ActiveCfg = Release
	EndGlobalSection
	GlobalSection(SolutionProperties) = preSolution
		HideSolutionNode = FALSE
	EndGlobalSection
	GlobalSection(ExtensibilityGlobals) = postSolution
		SolutionGuid = {D16D6210-3B91-4C99-A3DF-CBBEFA14405A}
	EndGlobalSection
EndGlobal
